{
  "requires": true,
  "lockfileVersion": 1,
  "dependencies": {
    "@uirouter/core": {
      "version": "6.0.4",
      "resolved": "https://registry.npmjs.org/@uirouter/core/-/core-6.0.4.tgz",
      "integrity": "sha512-TQ9XOzZY+jmWKkU4993MAEBIy7Bs3kijDzj+A6RHR8gq/3UoQm3Q/l1igfao5GZyBjid7eRVeipPK14ovCYQ3g=="
    },
    "angular": {
      "version": "1.7.9",
      "resolved": "https://registry.npmjs.org/angular/-/angular-1.7.9.tgz",
      "integrity": "sha512-5se7ZpcOtu0MBFlzGv5dsM1quQDoDeUTwZrWjGtTNA7O88cD8TEk5IEKCTDa3uECV9XnvKREVUr7du1ACiWGFQ=="
    },
    "angular-material": {
      "version": "1.1.21",
      "resolved": "https://registry.npmjs.org/angular-material/-/angular-material-1.1.21.tgz",
      "integrity": "sha512-BiqvEu82dqQ4Sb4OjJHdVp/YJvFEMrtr7K2eS+6qlWPWUiF9K2K6IkX2H3p0wD7QlscjTz8n9W8uKL46PQjlCQ=="
    },
    "angular-messages": {
      "version": "1.7.9",
      "resolved": "https://registry.npmjs.org/angular-messages/-/angular-messages-1.7.9.tgz",
      "integrity": "sha512-OdJihuO6AW+m1/r9OdW5riCwacn3dL1agQvgu6Cww3a7OARXXN0vxOpsZCNk4yg4CuD7Et3tiz4DymhvZkydvw=="
    },
    "angular-ui-router": {
      "version": "1.0.25",
      "resolved": "https://registry.npmjs.org/angular-ui-router/-/angular-ui-router-1.0.25.tgz",
      "integrity": "sha512-NCjwfGWQiqBx22OyAm6hsAWvlo431uUlY2ccg9kXkvb3zCLQGSJ6pGo1AGLtRAKdZvrEHiIExhawyrVPkYp0VA==",
      "requires": {
        "@uirouter/core": "6.0.4"
      }
    }
  }
}
